dependencies:
- name: postgresql
  repository: https://charts.bitnami.com/bitnami
  version: 18.4.0
- name: rabbitmq
  repository: https://charts.bitnami.com/bitnami
  version: 16.0.14
digest: sha256:06649e906583a69845f06e64d5a84264a1ec1b2db636f26dfd793def65549530
generated: "2026-02-24T10:47:10.878532-05:00"
